
Microsoft Visual Studio Solution File, Format Version 11.00
# Visual Studio 2010
Project("{2150E333-8FDC-42A3-9474-1A3956D46DE8}") = "YTUnit", "YTUnit", "{37C875EE-B5E6-429C-A87D-B8F7FA39F6A7}"
EndProject
Project("{8BC9CEB8-8B4A-11D0-8D11-00A0C91BC942}") = "YTUnit", "YTUnit\YTUnit\YTUnit.vcxproj", "{1D03158F-B353-4538-887E-A0FE9ACE982B}"
EndProject
Project("{2150E333-8FDC-42A3-9474-1A3956D46DE8}") = "YTBase", "YTBase", "{F7CA2D33-CE63-4B17-A52A-59CA8CECF3E9}"
EndProject
Project("{8BC9CEB8-8B4A-11D0-8D11-00A0C91BC942}") = "YTData", "YTBase\YTData\YTData\YTData.vcxproj", "{485465E6-D151-48D4-9728-989085D73A63}"
EndProject
Project("{8BC9CEB8-8B4A-11D0-8D11-00A0C91BC942}") = "YTDb", "YTBase\YTDb\YTDb\YTDb.vcxproj", "{F86B1AF0-E003-42C3-B580-DF6D0F982D2E}"
EndProject
Project("{2150E333-8FDC-42A3-9474-1A3956D46DE8}") = "YTTrade", "YTTrade", "{24891A59-1C87-4AA4-B84D-37BCE1EB2D11}"
EndProject
Project("{8BC9CEB8-8B4A-11D0-8D11-00A0C91BC942}") = "YTConn", "YTBase\YTConn\YTConn\YTConn.vcxproj", "{6703ED50-D640-4DAD-B080-4A9FE4BD36B3}"
EndProject
Project("{8BC9CEB8-8B4A-11D0-8D11-00A0C91BC942}") = "DayTrading", "YTTrade\DayTrading\DayTrading\DayTrading.vcxproj", "{C334DE4F-501A-44CF-8B3F-1C43973BBA78}"
EndProject
Project("{2150E333-8FDC-42A3-9474-1A3956D46DE8}") = "YTTest", "YTTest", "{7E9A1D3E-8D9D-40D6-9950-6EB7016A699D}"
EndProject
Project("{8BC9CEB8-8B4A-11D0-8D11-00A0C91BC942}") = "YTDataTest", "YTTest\YTDataTest\YTDataTest\YTDataTest.vcxproj", "{DFEC8DB3-7A8C-426A-9724-AAF2B6BCEEC2}"
EndProject
Project("{8BC9CEB8-8B4A-11D0-8D11-00A0C91BC942}") = "DayTradingGate", "YTTrade\DayTradingGate\DayTradingGate\DayTradingGate.vcxproj", "{7417E24A-FA10-4D4A-AA94-7ADD6CBB2082}"
EndProject
Project("{2150E333-8FDC-42A3-9474-1A3956D46DE8}") = "YTGate", "YTGate", "{83F8ABE5-8CC9-4E92-BBA7-25290CE35099}"
EndProject
Project("{8BC9CEB8-8B4A-11D0-8D11-00A0C91BC942}") = "YTGateLib", "YTGate\YTGateLib\YTGateLib\YTGateLib.vcxproj", "{846C82AA-EDAA-47B4-A239-1D5B235B2811}"
EndProject
Project("{8BC9CEB8-8B4A-11D0-8D11-00A0C91BC942}") = "YTHST2Citics", "YTGate\YTHST2Citics\YTHST2Citics\YTHST2Citics.vcxproj", "{F90E6FE4-31B1-4510-888D-BF3295FF2C81}"
EndProject
Project("{8BC9CEB8-8B4A-11D0-8D11-00A0C91BC942}") = "FutureTrading", "YTTrade\FutureTrading\FutureTrading\FutureTrading.vcxproj", "{A9286182-8F0D-4C07-A422-3E90E86D32B5}"
EndProject
Project("{8BC9CEB8-8B4A-11D0-8D11-00A0C91BC942}") = "FutureTradingGate", "YTTrade\FutureTradingGate\FutureTradingGate\FutureTradingGate.vcxproj", "{B58E4B28-2CB3-4C17-B68E-C53198B19FAE}"
EndProject
Project("{8BC9CEB8-8B4A-11D0-8D11-00A0C91BC942}") = "Account", "YTTrade\Account\Account\Account.vcxproj", "{A086B454-7FC3-4240-94C4-E7BB1FB576EC}"
EndProject
Project("{8BC9CEB8-8B4A-11D0-8D11-00A0C91BC942}") = "YTUSLib", "YTTrade\YTUSLib\YTUSLib\YTUSLib.vcxproj", "{4C03F0FB-4C3C-4DAA-B8B2-36893B14990F}"
EndProject
Project("{8BC9CEB8-8B4A-11D0-8D11-00A0C91BC942}") = "YTFuturesCTP", "YTGate\YTFuturesCTP\YTFuturesCTP\YTFuturesCTP.vcxproj", "{3CD6AE53-E5AC-4862-A435-FF0F2EA56771}"
EndProject
Project("{2150E333-8FDC-42A3-9474-1A3956D46DE8}") = "YTMarket", "YTMarket", "{ADA690BA-B056-4694-9FDA-6788B5F2E9B0}"
EndProject
Project("{8BC9CEB8-8B4A-11D0-8D11-00A0C91BC942}") = "MarketServer", "YTMarket\MarketServer\MarketServer\MarketServer.vcxproj", "{9BB721B0-7010-4B17-96F6-B2C617A219D1}"
EndProject
Project("{8BC9CEB8-8B4A-11D0-8D11-00A0C91BC942}") = "Market_DBF", "YTMarket\Market_DBF\Market_DBF\Market_DBF.vcxproj", "{E2B777A8-457C-48DF-A359-5D77A305AF62}"
EndProject
Project("{8BC9CEB8-8B4A-11D0-8D11-00A0C91BC942}") = "Market_TDF", "YTMarket\Market_TDF\Market_TDF\Market_TDF.vcxproj", "{4E60155D-C78A-4F2A-B820-D4C826279A2B}"
EndProject
Project("{8BC9CEB8-8B4A-11D0-8D11-00A0C91BC942}") = "YTTradeApi", "YTTradeApi\YTTradeApi\YTTradeApi.vcxproj", "{CC835DAE-9880-41EE-AC50-0AEBCABA8248}"
	ProjectSection(ProjectDependencies) = postProject
		{6703ED50-D640-4DAD-B080-4A9FE4BD36B3} = {6703ED50-D640-4DAD-B080-4A9FE4BD36B3}
		{485465E6-D151-48D4-9728-989085D73A63} = {485465E6-D151-48D4-9728-989085D73A63}
	EndProjectSection
EndProject
Project("{8BC9CEB8-8B4A-11D0-8D11-00A0C91BC942}") = "ClientSimulator", "ClientSimulator\ClientSimulator\ClientSimulator.vcxproj", "{C2A54FF4-77DA-49B9-9545-5A50A2D1C37A}"
	ProjectSection(ProjectDependencies) = postProject
		{CC835DAE-9880-41EE-AC50-0AEBCABA8248} = {CC835DAE-9880-41EE-AC50-0AEBCABA8248}
	EndProjectSection
EndProject
Global
	GlobalSection(SolutionConfigurationPlatforms) = preSolution
		Debug|Win32 = Debug|Win32
		Release|Win32 = Release|Win32
		Template|Win32 = Template|Win32
	EndGlobalSection
	GlobalSection(ProjectConfigurationPlatforms) = postSolution
		{1D03158F-B353-4538-887E-A0FE9ACE982B}.Debug|Win32.ActiveCfg = Debug|Win32
		{1D03158F-B353-4538-887E-A0FE9ACE982B}.Debug|Win32.Build.0 = Debug|Win32
		{1D03158F-B353-4538-887E-A0FE9ACE982B}.Release|Win32.ActiveCfg = Release|Win32
		{1D03158F-B353-4538-887E-A0FE9ACE982B}.Release|Win32.Build.0 = Release|Win32
		{1D03158F-B353-4538-887E-A0FE9ACE982B}.Template|Win32.ActiveCfg = Release|Win32
		{1D03158F-B353-4538-887E-A0FE9ACE982B}.Template|Win32.Build.0 = Release|Win32
		{485465E6-D151-48D4-9728-989085D73A63}.Debug|Win32.ActiveCfg = Debug|Win32
		{485465E6-D151-48D4-9728-989085D73A63}.Debug|Win32.Build.0 = Debug|Win32
		{485465E6-D151-48D4-9728-989085D73A63}.Release|Win32.ActiveCfg = Release|Win32
		{485465E6-D151-48D4-9728-989085D73A63}.Release|Win32.Build.0 = Release|Win32
		{485465E6-D151-48D4-9728-989085D73A63}.Template|Win32.ActiveCfg = Release|Win32
		{485465E6-D151-48D4-9728-989085D73A63}.Template|Win32.Build.0 = Release|Win32
		{F86B1AF0-E003-42C3-B580-DF6D0F982D2E}.Debug|Win32.ActiveCfg = Debug|Win32
		{F86B1AF0-E003-42C3-B580-DF6D0F982D2E}.Debug|Win32.Build.0 = Debug|Win32
		{F86B1AF0-E003-42C3-B580-DF6D0F982D2E}.Release|Win32.ActiveCfg = Release|Win32
		{F86B1AF0-E003-42C3-B580-DF6D0F982D2E}.Release|Win32.Build.0 = Release|Win32
		{F86B1AF0-E003-42C3-B580-DF6D0F982D2E}.Template|Win32.ActiveCfg = Release|Win32
		{F86B1AF0-E003-42C3-B580-DF6D0F982D2E}.Template|Win32.Build.0 = Release|Win32
		{6703ED50-D640-4DAD-B080-4A9FE4BD36B3}.Debug|Win32.ActiveCfg = Debug|Win32
		{6703ED50-D640-4DAD-B080-4A9FE4BD36B3}.Debug|Win32.Build.0 = Debug|Win32
		{6703ED50-D640-4DAD-B080-4A9FE4BD36B3}.Release|Win32.ActiveCfg = Release|Win32
		{6703ED50-D640-4DAD-B080-4A9FE4BD36B3}.Release|Win32.Build.0 = Release|Win32
		{6703ED50-D640-4DAD-B080-4A9FE4BD36B3}.Template|Win32.ActiveCfg = Release|Win32
		{6703ED50-D640-4DAD-B080-4A9FE4BD36B3}.Template|Win32.Build.0 = Release|Win32
		{C334DE4F-501A-44CF-8B3F-1C43973BBA78}.Debug|Win32.ActiveCfg = Debug|Win32
		{C334DE4F-501A-44CF-8B3F-1C43973BBA78}.Debug|Win32.Build.0 = Debug|Win32
		{C334DE4F-501A-44CF-8B3F-1C43973BBA78}.Release|Win32.ActiveCfg = Release|Win32
		{C334DE4F-501A-44CF-8B3F-1C43973BBA78}.Release|Win32.Build.0 = Release|Win32
		{C334DE4F-501A-44CF-8B3F-1C43973BBA78}.Template|Win32.ActiveCfg = Release|Win32
		{DFEC8DB3-7A8C-426A-9724-AAF2B6BCEEC2}.Debug|Win32.ActiveCfg = Debug|Win32
		{DFEC8DB3-7A8C-426A-9724-AAF2B6BCEEC2}.Debug|Win32.Build.0 = Debug|Win32
		{DFEC8DB3-7A8C-426A-9724-AAF2B6BCEEC2}.Release|Win32.ActiveCfg = Release|Win32
		{DFEC8DB3-7A8C-426A-9724-AAF2B6BCEEC2}.Release|Win32.Build.0 = Release|Win32
		{DFEC8DB3-7A8C-426A-9724-AAF2B6BCEEC2}.Template|Win32.ActiveCfg = Release|Win32
		{7417E24A-FA10-4D4A-AA94-7ADD6CBB2082}.Debug|Win32.ActiveCfg = Debug|Win32
		{7417E24A-FA10-4D4A-AA94-7ADD6CBB2082}.Debug|Win32.Build.0 = Debug|Win32
		{7417E24A-FA10-4D4A-AA94-7ADD6CBB2082}.Release|Win32.ActiveCfg = Release|Win32
		{7417E24A-FA10-4D4A-AA94-7ADD6CBB2082}.Release|Win32.Build.0 = Release|Win32
		{7417E24A-FA10-4D4A-AA94-7ADD6CBB2082}.Template|Win32.ActiveCfg = Release|Win32
		{846C82AA-EDAA-47B4-A239-1D5B235B2811}.Debug|Win32.ActiveCfg = Debug|Win32
		{846C82AA-EDAA-47B4-A239-1D5B235B2811}.Debug|Win32.Build.0 = Debug|Win32
		{846C82AA-EDAA-47B4-A239-1D5B235B2811}.Release|Win32.ActiveCfg = Release|Win32
		{846C82AA-EDAA-47B4-A239-1D5B235B2811}.Release|Win32.Build.0 = Release|Win32
		{846C82AA-EDAA-47B4-A239-1D5B235B2811}.Template|Win32.ActiveCfg = Release|Win32
		{F90E6FE4-31B1-4510-888D-BF3295FF2C81}.Debug|Win32.ActiveCfg = Debug|Win32
		{F90E6FE4-31B1-4510-888D-BF3295FF2C81}.Debug|Win32.Build.0 = Debug|Win32
		{F90E6FE4-31B1-4510-888D-BF3295FF2C81}.Release|Win32.ActiveCfg = Release|Win32
		{F90E6FE4-31B1-4510-888D-BF3295FF2C81}.Release|Win32.Build.0 = Release|Win32
		{F90E6FE4-31B1-4510-888D-BF3295FF2C81}.Template|Win32.ActiveCfg = Release|Win32
		{A9286182-8F0D-4C07-A422-3E90E86D32B5}.Debug|Win32.ActiveCfg = Debug|Win32
		{A9286182-8F0D-4C07-A422-3E90E86D32B5}.Debug|Win32.Build.0 = Debug|Win32
		{A9286182-8F0D-4C07-A422-3E90E86D32B5}.Release|Win32.ActiveCfg = Release|Win32
		{A9286182-8F0D-4C07-A422-3E90E86D32B5}.Release|Win32.Build.0 = Release|Win32
		{A9286182-8F0D-4C07-A422-3E90E86D32B5}.Template|Win32.ActiveCfg = Release|Win32
		{B58E4B28-2CB3-4C17-B68E-C53198B19FAE}.Debug|Win32.ActiveCfg = Debug|Win32
		{B58E4B28-2CB3-4C17-B68E-C53198B19FAE}.Debug|Win32.Build.0 = Debug|Win32
		{B58E4B28-2CB3-4C17-B68E-C53198B19FAE}.Release|Win32.ActiveCfg = Release|Win32
		{B58E4B28-2CB3-4C17-B68E-C53198B19FAE}.Release|Win32.Build.0 = Release|Win32
		{B58E4B28-2CB3-4C17-B68E-C53198B19FAE}.Template|Win32.ActiveCfg = Release|Win32
		{A086B454-7FC3-4240-94C4-E7BB1FB576EC}.Debug|Win32.ActiveCfg = Debug|Win32
		{A086B454-7FC3-4240-94C4-E7BB1FB576EC}.Debug|Win32.Build.0 = Debug|Win32
		{A086B454-7FC3-4240-94C4-E7BB1FB576EC}.Release|Win32.ActiveCfg = Release|Win32
		{A086B454-7FC3-4240-94C4-E7BB1FB576EC}.Release|Win32.Build.0 = Release|Win32
		{A086B454-7FC3-4240-94C4-E7BB1FB576EC}.Template|Win32.ActiveCfg = Release|Win32
		{4C03F0FB-4C3C-4DAA-B8B2-36893B14990F}.Debug|Win32.ActiveCfg = Debug|Win32
		{4C03F0FB-4C3C-4DAA-B8B2-36893B14990F}.Debug|Win32.Build.0 = Debug|Win32
		{4C03F0FB-4C3C-4DAA-B8B2-36893B14990F}.Release|Win32.ActiveCfg = Release|Win32
		{4C03F0FB-4C3C-4DAA-B8B2-36893B14990F}.Release|Win32.Build.0 = Release|Win32
		{4C03F0FB-4C3C-4DAA-B8B2-36893B14990F}.Template|Win32.ActiveCfg = Release|Win32
		{3CD6AE53-E5AC-4862-A435-FF0F2EA56771}.Debug|Win32.ActiveCfg = Debug|Win32
		{3CD6AE53-E5AC-4862-A435-FF0F2EA56771}.Debug|Win32.Build.0 = Debug|Win32
		{3CD6AE53-E5AC-4862-A435-FF0F2EA56771}.Release|Win32.ActiveCfg = Release|Win32
		{3CD6AE53-E5AC-4862-A435-FF0F2EA56771}.Release|Win32.Build.0 = Release|Win32
		{3CD6AE53-E5AC-4862-A435-FF0F2EA56771}.Template|Win32.ActiveCfg = Release|Win32
		{9BB721B0-7010-4B17-96F6-B2C617A219D1}.Debug|Win32.ActiveCfg = Debug|Win32
		{9BB721B0-7010-4B17-96F6-B2C617A219D1}.Debug|Win32.Build.0 = Debug|Win32
		{9BB721B0-7010-4B17-96F6-B2C617A219D1}.Release|Win32.ActiveCfg = Release|Win32
		{9BB721B0-7010-4B17-96F6-B2C617A219D1}.Release|Win32.Build.0 = Release|Win32
		{9BB721B0-7010-4B17-96F6-B2C617A219D1}.Template|Win32.ActiveCfg = Release|Win32
		{E2B777A8-457C-48DF-A359-5D77A305AF62}.Debug|Win32.ActiveCfg = Debug|Win32
		{E2B777A8-457C-48DF-A359-5D77A305AF62}.Debug|Win32.Build.0 = Debug|Win32
		{E2B777A8-457C-48DF-A359-5D77A305AF62}.Release|Win32.ActiveCfg = Release|Win32
		{E2B777A8-457C-48DF-A359-5D77A305AF62}.Release|Win32.Build.0 = Release|Win32
		{E2B777A8-457C-48DF-A359-5D77A305AF62}.Template|Win32.ActiveCfg = Release|Win32
		{4E60155D-C78A-4F2A-B820-D4C826279A2B}.Debug|Win32.ActiveCfg = Debug|Win32
		{4E60155D-C78A-4F2A-B820-D4C826279A2B}.Debug|Win32.Build.0 = Debug|Win32
		{4E60155D-C78A-4F2A-B820-D4C826279A2B}.Release|Win32.ActiveCfg = Release|Win32
		{4E60155D-C78A-4F2A-B820-D4C826279A2B}.Release|Win32.Build.0 = Release|Win32
		{4E60155D-C78A-4F2A-B820-D4C826279A2B}.Template|Win32.ActiveCfg = Release|Win32
		{CC835DAE-9880-41EE-AC50-0AEBCABA8248}.Debug|Win32.ActiveCfg = Debug|Win32
		{CC835DAE-9880-41EE-AC50-0AEBCABA8248}.Debug|Win32.Build.0 = Debug|Win32
		{CC835DAE-9880-41EE-AC50-0AEBCABA8248}.Release|Win32.ActiveCfg = Release|Win32
		{CC835DAE-9880-41EE-AC50-0AEBCABA8248}.Release|Win32.Build.0 = Release|Win32
		{CC835DAE-9880-41EE-AC50-0AEBCABA8248}.Template|Win32.ActiveCfg = Release|Win32
		{CC835DAE-9880-41EE-AC50-0AEBCABA8248}.Template|Win32.Build.0 = Release|Win32
		{C2A54FF4-77DA-49B9-9545-5A50A2D1C37A}.Debug|Win32.ActiveCfg = Debug|Win32
		{C2A54FF4-77DA-49B9-9545-5A50A2D1C37A}.Debug|Win32.Build.0 = Debug|Win32
		{C2A54FF4-77DA-49B9-9545-5A50A2D1C37A}.Release|Win32.ActiveCfg = Release|Win32
		{C2A54FF4-77DA-49B9-9545-5A50A2D1C37A}.Release|Win32.Build.0 = Release|Win32
		{C2A54FF4-77DA-49B9-9545-5A50A2D1C37A}.Template|Win32.ActiveCfg = Template|Win32
		{C2A54FF4-77DA-49B9-9545-5A50A2D1C37A}.Template|Win32.Build.0 = Template|Win32
	EndGlobalSection
	GlobalSection(SolutionProperties) = preSolution
		HideSolutionNode = FALSE
	EndGlobalSection
	GlobalSection(NestedProjects) = preSolution
		{1D03158F-B353-4538-887E-A0FE9ACE982B} = {37C875EE-B5E6-429C-A87D-B8F7FA39F6A7}
		{485465E6-D151-48D4-9728-989085D73A63} = {F7CA2D33-CE63-4B17-A52A-59CA8CECF3E9}
		{F86B1AF0-E003-42C3-B580-DF6D0F982D2E} = {F7CA2D33-CE63-4B17-A52A-59CA8CECF3E9}
		{6703ED50-D640-4DAD-B080-4A9FE4BD36B3} = {F7CA2D33-CE63-4B17-A52A-59CA8CECF3E9}
		{C334DE4F-501A-44CF-8B3F-1C43973BBA78} = {24891A59-1C87-4AA4-B84D-37BCE1EB2D11}
		{7417E24A-FA10-4D4A-AA94-7ADD6CBB2082} = {24891A59-1C87-4AA4-B84D-37BCE1EB2D11}
		{A9286182-8F0D-4C07-A422-3E90E86D32B5} = {24891A59-1C87-4AA4-B84D-37BCE1EB2D11}
		{B58E4B28-2CB3-4C17-B68E-C53198B19FAE} = {24891A59-1C87-4AA4-B84D-37BCE1EB2D11}
		{A086B454-7FC3-4240-94C4-E7BB1FB576EC} = {24891A59-1C87-4AA4-B84D-37BCE1EB2D11}
		{4C03F0FB-4C3C-4DAA-B8B2-36893B14990F} = {24891A59-1C87-4AA4-B84D-37BCE1EB2D11}
		{DFEC8DB3-7A8C-426A-9724-AAF2B6BCEEC2} = {7E9A1D3E-8D9D-40D6-9950-6EB7016A699D}
		{846C82AA-EDAA-47B4-A239-1D5B235B2811} = {83F8ABE5-8CC9-4E92-BBA7-25290CE35099}
		{F90E6FE4-31B1-4510-888D-BF3295FF2C81} = {83F8ABE5-8CC9-4E92-BBA7-25290CE35099}
		{3CD6AE53-E5AC-4862-A435-FF0F2EA56771} = {83F8ABE5-8CC9-4E92-BBA7-25290CE35099}
		{9BB721B0-7010-4B17-96F6-B2C617A219D1} = {ADA690BA-B056-4694-9FDA-6788B5F2E9B0}
		{E2B777A8-457C-48DF-A359-5D77A305AF62} = {ADA690BA-B056-4694-9FDA-6788B5F2E9B0}
		{4E60155D-C78A-4F2A-B820-D4C826279A2B} = {ADA690BA-B056-4694-9FDA-6788B5F2E9B0}
	EndGlobalSection
EndGlobal
